
Microsoft Visual Studio Solution File, Format Version 12.00
# Visual Studio 14
VisualStudioVersion = 14.0.24720.0
MinimumVisualStudioVersion = 10.0.40219.1
Project("{FAE04EC0-301F-11D3-BF4B-00C04F79EFBC}") = "AbstractFactory", "AbstractFactory\AbstractFactory.csproj", "{10599650-DE5A-4580-BC2C-DD068BB70001}"
EndProject
Project("{2150E333-8FDC-42A3-9474-1A3956D46DE8}") = "FactoryPatterns", "FactoryPatterns", "{B2A1B5C2-FAFF-4D53-BA3D-610A791A759A}"
EndProject
Project("{FAE04EC0-301F-11D3-BF4B-00C04F79EFBC}") = "SimpleFactoryandFactoryMethod", "SimpleFactoryandFactoryMethod\SimpleFactoryandFactoryMethod.csproj", "{6ABB6843-91FC-40A8-A629-FEEAC012B41C}"
EndProject
Global
	GlobalSection(SolutionConfigurationPlatforms) = preSolution
		Debug|Any CPU = Debug|Any CPU
		Release|Any CPU = Release|Any CPU
	EndGlobalSection
	GlobalSection(ProjectConfigurationPlatforms) = postSolution
		{10599650-DE5A-4580-BC2C-DD068BB70001}.Debug|Any CPU.ActiveCfg = Debug|Any CPU
		{10599650-DE5A-4580-BC2C-DD068BB70001}.Debug|Any CPU.Build.0 = Debug|Any CPU
		{10599650-DE5A-4580-BC2C-DD068BB70001}.Release|Any CPU.ActiveCfg = Release|Any CPU
		{10599650-DE5A-4580-BC2C-DD068BB70001}.Release|Any CPU.Build.0 = Release|Any CPU
		{6ABB6843-91FC-40A8-A629-FEEAC012B41C}.Debug|Any CPU.ActiveCfg = Debug|Any CPU
		{6ABB6843-91FC-40A8-A629-FEEAC012B41C}.Debug|Any CPU.Build.0 = Debug|Any CPU
		{6ABB6843-91FC-40A8-A629-FEEAC012B41C}.Release|Any CPU.ActiveCfg = Release|Any CPU
		{6ABB6843-91FC-40A8-A629-FEEAC012B41C}.Release|Any CPU.Build.0 = Release|Any CPU
	EndGlobalSection
	GlobalSection(SolutionProperties) = preSolution
		HideSolutionNode = FALSE
	EndGlobalSection
	GlobalSection(NestedProjects) = preSolution
		{10599650-DE5A-4580-BC2C-DD068BB70001} = {B2A1B5C2-FAFF-4D53-BA3D-610A791A759A}
		{6ABB6843-91FC-40A8-A629-FEEAC012B41C} = {B2A1B5C2-FAFF-4D53-BA3D-610A791A759A}
	EndGlobalSection
EndGlobal
